// !$*UTF8*$!
{
	archiveVersion = 1;
	classes = {
	};
	objectVersion = 77;
	objects = {

/* Begin PBXBuildFile section */
		44AA71A02DA29CC300007264 /* Assets.xcassets in Resources */ = {isa = PBXBuildFile; fileRef = 44AA71972DA29CC300007264 /* Assets.xcassets */; };
		44AA71A22DA29CC300007264 /* LaunchScreen.storyboard in Resources */ = {isa = PBXBuildFile; fileRef = 44AA719A2DA29CC300007264 /* LaunchScreen.storyboard */; };
		44AA71A32DA29CC300007264 /* Main.storyboard in Resources */ = {isa = PBXBuildFile; fileRef = 44AA719C2DA29CC300007264 /* Main.storyboard */; };
		44AA71A42DA29CC300007264 /* AppDelegate.swift in Sources */ = {isa = PBXBuildFile; fileRef = 44AA71962DA29CC300007264 /* AppDelegate.swift */; };
		44AA71A52DA29CC300007264 /* SceneDelegate.swift in Sources */ = {isa = PBXBuildFile; fileRef = 44AA719D2DA29CC300007264 /* SceneDelegate.swift */; };
		44AA71A62DA29CC300007264 /* MainViewController.swift in Sources */ = {isa = PBXBuildFile; fileRef = 44AA719E2DA29CC300007264 /* MainViewController.swift */; };
		44AA71C52DA3EFF800007264 /* RequestAPI.swift in Sources */ = {isa = PBXBuildFile; fileRef = 44AA71C42DA3EFF800007264 /* RequestAPI.swift */; };
		44C9142E2DA7FFAF006CB882 /* SettingsViewController.swift in Sources */ = {isa = PBXBuildFile; fileRef = 44C9142D2DA7FFAF006CB882 /* SettingsViewController.swift */; };
		44C914302DA8003D006CB882 /* CitySelectionViewController.swift in Sources */ = {isa = PBXBuildFile; fileRef = 44C9142F2DA8003D006CB882 /* CitySelectionViewController.swift */; };
/* End PBXBuildFile section */

/* Begin PBXFileReference section */
		44AA717E2DA29C9B00007264 /* WeatherProgram.app */ = {isa = PBXFileReference; explicitFileType = wrapper.application; includeInIndex = 0; path = WeatherProgram.app; sourceTree = BUILT_PRODUCTS_DIR; };
		44AA71962DA29CC300007264 /* AppDelegate.swift */ = {isa = PBXFileReference; lastKnownFileType = sourcecode.swift; path = AppDelegate.swift; sourceTree = "<group>"; };
		44AA71972DA29CC300007264 /* Assets.xcassets */ = {isa = PBXFileReference; lastKnownFileType = folder.assetcatalog; path = Assets.xcassets; sourceTree = "<group>"; };
		44AA71982DA29CC300007264 /* Info.plist */ = {isa = PBXFileReference; lastKnownFileType = text.plist.xml; path = Info.plist; sourceTree = "<group>"; };
		44AA71992DA29CC300007264 /* Base */ = {isa = PBXFileReference; lastKnownFileType = file.storyboard; name = Base; path = Base.lproj/LaunchScreen.storyboard; sourceTree = "<group>"; };
		44AA719B2DA29CC300007264 /* Base */ = {isa = PBXFileReference; lastKnownFileType = file.storyboard; name = Base; path = Base.lproj/Main.storyboard; sourceTree = "<group>"; };
		44AA719D2DA29CC300007264 /* SceneDelegate.swift */ = {isa = PBXFileReference; lastKnownFileType = sourcecode.swift; path = SceneDelegate.swift; sourceTree = "<group>"; };
		44AA719E2DA29CC300007264 /* MainViewController.swift */ = {isa = PBXFileReference; lastKnownFileType = sourcecode.swift; path = MainViewController.swift; sourceTree = "<group>"; };
		44AA71C42DA3EFF800007264 /* RequestAPI.swift */ = {isa = PBXFileReference; lastKnownFileType = sourcecode.swift; path = RequestAPI.swift; sourceTree = "<group>"; };
		44C9142D2DA7FFAF006CB882 /* SettingsViewController.swift */ = {isa = PBXFileReference; lastKnownFileType = sourcecode.swift; path = SettingsViewController.swift; sourceTree = "<group>"; };
		44C9142F2DA8003D006CB882 /* CitySelectionViewController.swift */ = {isa = PBXFileReference; lastKnownFileType = sourcecode.swift; path = CitySelectionViewController.swift; sourceTree = "<group>"; };
/* End PBXFileReference section */

/* Begin PBXFrameworksBuildPhase section */
		44AA717B2DA29C9B00007264 /* Frameworks */ = {
			isa = PBXFrameworksBuildPhase;
			buildActionMask = 2147483647;
			files = (
			);
			runOnlyForDeploymentPostprocessing = 0;
		};
/* End PBXFrameworksBuildPhase section */

/* Begin PBXGroup section */
		44AA71752DA29C9B00007264 = {
			isa = PBXGroup;
			children = (
				44AA719F2DA29CC300007264 /* WeatherProgram */,
				44AA717F2DA29C9B00007264 /* Products */,
			);
			sourceTree = "<group>";
		};
		44AA717F2DA29C9B00007264 /* Products */ = {
			isa = PBXGroup;
			children = (
				44AA717E2DA29C9B00007264 /* WeatherProgram.app */,
			);
			name = Products;
			sourceTree = "<group>";
		};
		44AA719F2DA29CC300007264 /* WeatherProgram */ = {
			isa = PBXGroup;
			children = (
				44AA71A82DA29D1000007264 /* ViewControllers */,
				44AA71A72DA29CFF00007264 /* Storyboards */,
				44AA71AA2DA29D9700007264 /* Models */,
				44AA71A92DA29D6B00007264 /* App */,
				44AA71972DA29CC300007264 /* Assets.xcassets */,
			);
			path = WeatherProgram;
			sourceTree = "<group>";
		};
		44AA71A72DA29CFF00007264 /* Storyboards */ = {
			isa = PBXGroup;
			children = (
				44AA719C2DA29CC300007264 /* Main.storyboard */,
				44AA719A2DA29CC300007264 /* LaunchScreen.storyboard */,
			);
			path = Storyboards;
			sourceTree = "<group>";
		};
		44AA71A82DA29D1000007264 /* ViewControllers */ = {
			isa = PBXGroup;
			children = (
				44AA719E2DA29CC300007264 /* MainViewController.swift */,
				44C9142D2DA7FFAF006CB882 /* SettingsViewController.swift */,
				44C9142F2DA8003D006CB882 /* CitySelectionViewController.swift */,
			);
			path = ViewControllers;
			sourceTree = "<group>";
		};
		44AA71A92DA29D6B00007264 /* App */ = {
			isa = PBXGroup;
			children = (
				44AA71962DA29CC300007264 /* AppDelegate.swift */,
				44AA719D2DA29CC300007264 /* SceneDelegate.swift */,
				44AA71982DA29CC300007264 /* Info.plist */,
			);
			path = App;
			sourceTree = "<group>";
		};
		44AA71AA2DA29D9700007264 /* Models */ = {
			isa = PBXGroup;
			children = (
				44AA71C42DA3EFF800007264 /* RequestAPI.swift */,
			);
			path = Models;
			sourceTree = "<group>";
		};
/* End PBXGroup section */

/* Begin PBXNativeTarget section */
		44AA717D2DA29C9B00007264 /* WeatherProgram */ = {
			isa = PBXNativeTarget;
			buildConfigurationList = 44AA71912DA29C9D00007264 /* Build configuration list for PBXNativeTarget "WeatherProgram" */;
			buildPhases = (
				44AA717A2DA29C9B00007264 /* Sources */,
				44AA717B2DA29C9B00007264 /* Frameworks */,
				44AA717C2DA29C9B00007264 /* Resources */,
			);
			buildRules = (
			);
			dependencies = (
			);
			name = WeatherProgram;
			packageProductDependencies = (
			);
			productName = WeatherProgram;
			productReference = 44AA717E2DA29C9B00007264 /* WeatherProgram.app */;
			productType = "com.apple.product-type.application";
		};
/* End PBXNativeTarget section */

/* Begin PBXProject section */
		44AA71762DA29C9B00007264 /* Project object */ = {
			isa = PBXProject;
			attributes = {
				BuildIndependentTargetsInParallel = 1;
				LastSwiftUpdateCheck = 1630;
				LastUpgradeCheck = 1630;
				TargetAttributes = {
					44AA717D2DA29C9B00007264 = {
						CreatedOnToolsVersion = 16.3;
					};
				};
			};
			buildConfigurationList = 44AA71792DA29C9B00007264 /* Build configuration list for PBXProject "WeatherProgram" */;
			developmentRegion = en;
			hasScannedForEncodings = 0;
			knownRegions = (
				en,
				Base,
			);
			mainGroup = 44AA71752DA29C9B00007264;
			minimizedProjectReferenceProxies = 1;
			preferredProjectObjectVersion = 77;
			productRefGroup = 44AA717F2DA29C9B00007264 /* Products */;
			projectDirPath = "";
			projectRoot = "";
			targets = (
				44AA717D2DA29C9B00007264 /* WeatherProgram */,
			);
		};
/* End PBXProject section */

/* Begin PBXResourcesBuildPhase section */
		44AA717C2DA29C9B00007264 /* Resources */ = {
			isa = PBXResourcesBuildPhase;
			buildActionMask = 2147483647;
			files = (
				44AA71A02DA29CC300007264 /* Assets.xcassets in Resources */,
				44AA71A22DA29CC300007264 /* LaunchScreen.storyboard in Resources */,
				44AA71A32DA29CC300007264 /* Main.storyboard in Resources */,
			);
			runOnlyForDeploymentPostprocessing = 0;
		};
/* End PBXResourcesBuildPhase section */

/* Begin PBXSourcesBuildPhase section */
		44AA717A2DA29C9B00007264 /* Sources */ = {
			isa = PBXSourcesBuildPhase;
			buildActionMask = 2147483647;
			files = (
				44AA71A42DA29CC300007264 /* AppDelegate.swift in Sources */,
				44AA71A52DA29CC300007264 /* SceneDelegate.swift in Sources */,
				44AA71C52DA3EFF800007264 /* RequestAPI.swift in Sources */,
				44C9142E2DA7FFAF006CB882 /* SettingsViewController.swift in Sources */,
				44C914302DA8003D006CB882 /* CitySelectionViewController.swift in Sources */,
				44AA71A62DA29CC300007264 /* MainViewController.swift in Sources */,
			);
			runOnlyForDeploymentPostprocessing = 0;
		};
/* End PBXSourcesBuildPhase section */

/* Begin PBXVariantGroup section */
		44AA719A2DA29CC300007264 /* LaunchScreen.storyboard */ = {
			isa = PBXVariantGroup;
			children = (
				44AA71992DA29CC300007264 /* Base */,
			);
			name = LaunchScreen.storyboard;
			sourceTree = "<group>";
		};
		44AA719C2DA29CC300007264 /* Main.storyboard */ = {
			isa = PBXVariantGroup;
			children = (
				44AA719B2DA29CC300007264 /* Base */,
			);
			name = Main.storyboard;
			sourceTree = "<group>";
		};
/* End PBXVariantGroup section */

/* Begin XCBuildConfiguration section */
		44AA71922DA29C9D00007264 /* Debug */ = {
			isa = XCBuildConfiguration;
			buildSettings = {
				ASSETCATALOG_COMPILER_APPICON_NAME = AppIcon;
				ASSETCATALOG_COMPILER_GLOBAL_ACCENT_COLOR_NAME = AccentColor;
				ASSETCATALOG_COMPILER_INCLUDE_ALL_APPICON_ASSETS = NO;
				CODE_SIGN_STYLE = Automatic;
				CURRENT_PROJECT_VERSION = 1;
				DEVELOPMENT_TEAM = SW82FJL26G;
				GENERATE_INFOPLIST_FILE = YES;
				INFOPLIST_FILE = WeatherProgram/App/Info.plist;
				INFOPLIST_KEY_CFBundleDisplayName = SkyMood;
				INFOPLIST_KEY_UIApplicationSupportsIndirectInputEvents = YES;
				INFOPLIST_KEY_UILaunchStoryboardName = LaunchScreen;
				INFOPLIST_KEY_UIMainStoryboardFile = Main;
				INFOPLIST_KEY_UISupportedInterfaceOrientations = UIInterfaceOrientationPortrait;
				INFOPLIST_KEY_UISupportedInterfaceOrientations_iPad = "UIInterfaceOrientationLandscapeLeft UIInterfaceOrientationLandscapeRight UIInterfaceOrientationPortrait UIInterfaceOrientationPortraitUpsideDown";
				LD_RUNPATH_SEARCH_PATHS = (
					"$(inherited)",
					"@executable_path/Frameworks",
				);
				MARKETING_VERSION = 0.1.0;
				PRODUCT_BUNDLE_IDENTIFIER = SammySplah.WeatherProgram;
				PRODUCT_NAME = "$(TARGET_NAME)";
				SUPPORTED_PLATFORMS = "iphoneos iphonesimulator";
				SUPPORTS_MACCATALYST = NO;
				SUPPORTS_MAC_DESIGNED_FOR_IPHONE_IPAD = NO;
				SUPPORTS_XR_DESIGNED_FOR_IPHONE_IPAD = NO;
				SWIFT_EMIT_LOC_STRINGS = YES;
				SWIFT_VERSION = 5.0;
				TARGETED_DEVICE_FAMILY = 1;
			};
			name = Debug;
		};
		44AA71932DA29C9D00007264 /* Release */ = {
			isa = XCBuildConfiguration;
			buildSettings = {
				ASSETCATALOG_COMPILER_APPICON_NAME = AppIcon;
				ASSETCATALOG_COMPILER_GLOBAL_ACCENT_COLOR_NAME = AccentColor;
				ASSETCATALOG_COMPILER_INCLUDE_ALL_APPICON_ASSETS = NO;
				CODE_SIGN_STYLE = Automatic;
				CURRENT_PROJECT_VERSION = 1;
				DEVELOPMENT_TEAM = SW82FJL26G;
				GENERATE_INFOPLIST_FILE = YES;
				INFOPLIST_FILE = WeatherProgram/App/Info.plist;
				INFOPLIST_KEY_CFBundleDisplayName = SkyMood;
				INFOPLIST_KEY_UIApplicationSupportsIndirectInputEvents = YES;
				INFOPLIST_KEY_UILaunchStoryboardName = LaunchScreen;
				INFOPLIST_KEY_UIMainStoryboardFile = Main;
				INFOPLIST_KEY_UISupportedInterfaceOrientations = UIInterfaceOrientationPortrait;
				INFOPLIST_KEY_UISupportedInterfaceOrientations_iPad = "UIInterfaceOrientationLandscapeLeft UIInterfaceOrientationLandscapeRight UIInterfaceOrientationPortrait UIInterfaceOrientationPortraitUpsideDown";
				LD_RUNPATH_SEARCH_PATHS = (
					"$(inherited)",
					"@executable_path/Frameworks",
				);
				MARKETING_VERSION = 0.1.0;
				PRODUCT_BUNDLE_IDENTIFIER = SammySplah.WeatherProgram;
				PRODUCT_NAME = "$(TARGET_NAME)";
				SUPPORTED_PLATFORMS = "iphoneos iphonesimulator";
				SUPPORTS_MACCATALYST = NO;
				SUPPORTS_MAC_DESIGNED_FOR_IPHONE_IPAD = NO;
				SUPPORTS_XR_DESIGNED_FOR_IPHONE_IPAD = NO;
				SWIFT_EMIT_LOC_STRINGS = YES;
				SWIFT_VERSION = 5.0;
				TARGETED_DEVICE_FAMILY = 1;
			};
			name = Release;
		};
		44AA71942DA29C9D00007264 /* Debug */ = {
			isa = XCBuildConfiguration;
			buildSettings = {
				ALWAYS_SEARCH_USER_PATHS = NO;
				ASSETCATALOG_COMPILER_GENERATE_SWIFT_ASSET_SYMBOL_EXTENSIONS = YES;
				CLANG_ANALYZER_NONNULL = YES;
				CLANG_ANALYZER_NUMBER_OBJECT_CONVERSION = YES_AGGRESSIVE;
				CLANG_CXX_LANGUAGE_STANDARD = "gnu++20";
				CLANG_ENABLE_MODULES = YES;
				CLANG_ENABLE_OBJC_ARC = YES;
				CLANG_ENABLE_OBJC_WEAK = YES;
				CLANG_WARN_BLOCK_CAPTURE_AUTORELEASING = YES;
				CLANG_WARN_BOOL_CONVERSION = YES;
				CLANG_WARN_COMMA = YES;
				CLANG_WARN_CONSTANT_CONVERSION = YES;
				CLANG_WARN_DEPRECATED_OBJC_IMPLEMENTATIONS = YES;
				CLANG_WARN_DIRECT_OBJC_ISA_USAGE = YES_ERROR;
				CLANG_WARN_DOCUMENTATION_COMMENTS = YES;
				CLANG_WARN_EMPTY_BODY = YES;
				CLANG_WARN_ENUM_CONVERSION = YES;
				CLANG_WARN_INFINITE_RECURSION = YES;
				CLANG_WARN_INT_CONVERSION = YES;
				CLANG_WARN_NON_LITERAL_NULL_CONVERSION = YES;
				CLANG_WARN_OBJC_IMPLICIT_RETAIN_SELF = YES;
				CLANG_WARN_OBJC_LITERAL_CONVERSION = YES;
				CLANG_WARN_OBJC_ROOT_CLASS = YES_ERROR;
				CLANG_WARN_QUOTED_INCLUDE_IN_FRAMEWORK_HEADER = YES;
				CLANG_WARN_RANGE_LOOP_ANALYSIS = YES;
				CLANG_WARN_STRICT_PROTOTYPES = YES;
				CLANG_WARN_SUSPICIOUS_MOVE = YES;
				CLANG_WARN_UNGUARDED_AVAILABILITY = YES_AGGRESSIVE;
				CLANG_WARN_UNREACHABLE_CODE = YES;
				CLANG_WARN__DUPLICATE_METHOD_MATCH = YES;
				COPY_PHASE_STRIP = NO;
				DEBUG_INFORMATION_FORMAT = dwarf;
				DEVELOPMENT_TEAM = SW82FJL26G;
				ENABLE_STRICT_OBJC_MSGSEND = YES;
				ENABLE_TESTABILITY = YES;
				ENABLE_USER_SCRIPT_SANDBOXING = YES;
				GCC_C_LANGUAGE_STANDARD = gnu17;
				GCC_DYNAMIC_NO_PIC = NO;
				GCC_NO_COMMON_BLOCKS = YES;
				GCC_OPTIMIZATION_LEVEL = 0;
				GCC_PREPROCESSOR_DEFINITIONS = (
					"DEBUG=1",
					"$(inherited)",
				);
				GCC_WARN_64_TO_32_BIT_CONVERSION = YES;
				GCC_WARN_ABOUT_RETURN_TYPE = YES_ERROR;
				GCC_WARN_UNDECLARED_SELECTOR = YES;
				GCC_WARN_UNINITIALIZED_AUTOS = YES_AGGRESSIVE;
				GCC_WARN_UNUSED_FUNCTION = YES;
				GCC_WARN_UNUSED_VARIABLE = YES;
				IPHONEOS_DEPLOYMENT_TARGET = 18.4;
				LOCALIZATION_PREFERS_STRING_CATALOGS = YES;
				MTL_ENABLE_DEBUG_INFO = INCLUDE_SOURCE;
				MTL_FAST_MATH = YES;
				ONLY_ACTIVE_ARCH = YES;
				SDKROOT = iphoneos;
				SWIFT_ACTIVE_COMPILATION_CONDITIONS = "DEBUG $(inherited)";
				SWIFT_OPTIMIZATION_LEVEL = "-Onone";
			};
			name = Debug;
		};
		44AA71952DA29C9D00007264 /* Release */ = {
			isa = XCBuildConfiguration;
			buildSettings = {
				ALWAYS_SEARCH_USER_PATHS = NO;
				ASSETCATALOG_COMPILER_GENERATE_SWIFT_ASSET_SYMBOL_EXTENSIONS = YES;
				CLANG_ANALYZER_NONNULL = YES;
				CLANG_ANALYZER_NUMBER_OBJECT_CONVERSION = YES_AGGRESSIVE;
				CLANG_CXX_LANGUAGE_STANDARD = "gnu++20";
				CLANG_ENABLE_MODULES = YES;
				CLANG_ENABLE_OBJC_ARC = YES;
				CLANG_ENABLE_OBJC_WEAK = YES;
				CLANG_WARN_BLOCK_CAPTURE_AUTORELEASING = YES;
				CLANG_WARN_BOOL_CONVERSION = YES;
				CLANG_WARN_COMMA = YES;
				CLANG_WARN_CONSTANT_CONVERSION = YES;
				CLANG_WARN_DEPRECATED_OBJC_IMPLEMENTATIONS = YES;
				CLANG_WARN_DIRECT_OBJC_ISA_USAGE = YES_ERROR;
				CLANG_WARN_DOCUMENTATION_COMMENTS = YES;
				CLANG_WARN_EMPTY_BODY = YES;
				CLANG_WARN_ENUM_CONVERSION = YES;
				CLANG_WARN_INFINITE_RECURSION = YES;
				CLANG_WARN_INT_CONVERSION = YES;
				CLANG_WARN_NON_LITERAL_NULL_CONVERSION = YES;
				CLANG_WARN_OBJC_IMPLICIT_RETAIN_SELF = YES;
				CLANG_WARN_OBJC_LITERAL_CONVERSION = YES;
				CLANG_WARN_OBJC_ROOT_CLASS = YES_ERROR;
				CLANG_WARN_QUOTED_INCLUDE_IN_FRAMEWORK_HEADER = YES;
				CLANG_WARN_RANGE_LOOP_ANALYSIS = YES;
				CLANG_WARN_STRICT_PROTOTYPES = YES;
				CLANG_WARN_SUSPICIOUS_MOVE = YES;
				CLANG_WARN_UNGUARDED_AVAILABILITY = YES_AGGRESSIVE;
				CLANG_WARN_UNREACHABLE_CODE = YES;
				CLANG_WARN__DUPLICATE_METHOD_MATCH = YES;
				COPY_PHASE_STRIP = NO;
				DEBUG_INFORMATION_FORMAT = "dwarf-with-dsym";
				DEVELOPMENT_TEAM = SW82FJL26G;
				ENABLE_NS_ASSERTIONS = NO;
				ENABLE_STRICT_OBJC_MSGSEND = YES;
				ENABLE_USER_SCRIPT_SANDBOXING = YES;
				GCC_C_LANGUAGE_STANDARD = gnu17;
				GCC_NO_COMMON_BLOCKS = YES;
				GCC_WARN_64_TO_32_BIT_CONVERSION = YES;
				GCC_WARN_ABOUT_RETURN_TYPE = YES_ERROR;
				GCC_WARN_UNDECLARED_SELECTOR = YES;
				GCC_WARN_UNINITIALIZED_AUTOS = YES_AGGRESSIVE;
				GCC_WARN_UNUSED_FUNCTION = YES;
				GCC_WARN_UNUSED_VARIABLE = YES;
				IPHONEOS_DEPLOYMENT_TARGET = 18.4;
				LOCALIZATION_PREFERS_STRING_CATALOGS = YES;
				MTL_ENABLE_DEBUG_INFO = NO;
				MTL_FAST_MATH = YES;
				SDKROOT = iphoneos;
				SWIFT_COMPILATION_MODE = wholemodule;
				VALIDATE_PRODUCT = YES;
			};
			name = Release;
		};
/* End XCBuildConfiguration section */

/* Begin XCConfigurationList section */
		44AA71792DA29C9B00007264 /* Build configuration list for PBXProject "WeatherProgram" */ = {
			isa = XCConfigurationList;
			buildConfigurations = (
				44AA71942DA29C9D00007264 /* Debug */,
				44AA71952DA29C9D00007264 /* Release */,
			);
			defaultConfigurationIsVisible = 0;
			defaultConfigurationName = Release;
		};
		44AA71912DA29C9D00007264 /* Build configuration list for PBXNativeTarget "WeatherProgram" */ = {
			isa = XCConfigurationList;
			buildConfigurations = (
				44AA71922DA29C9D00007264 /* Debug */,
				44AA71932DA29C9D00007264 /* Release */,
			);
			defaultConfigurationIsVisible = 0;
			defaultConfigurationName = Release;
		};
/* End XCConfigurationList section */
	};
	rootObject = 44AA71762DA29C9B00007264 /* Project object */;
}
